// !$*UTF8*$!
{
	archiveVersion = 1;
	classes = {
	};
	objectVersion = 46;
	objects = {

/* Begin PBXBuildFile section */
		00920BA2DF08D1CBA26CF0B5 /* document_config.json in Resources */ = {isa = PBXBuildFile; fileRef = 825EE8FA96523049C40C4C6A /* document_config.json */; };
		046841DDCE2C238AADCBD2F6 /* ALVoucherCodeScanViewController.m in Sources */ = {isa = PBXBuildFile; fileRef = 827C96CA2CE47B790BFBB605 /* ALVoucherCodeScanViewController.m */; };
		0FBD0D845AA9BE5AA6710468 /* iban_config.json in Resources */ = {isa = PBXBuildFile; fileRef = F9D1EBF55629C059F2E94985 /* iban_config.json */; };
		103F14B072B262A9983662A4 /* rb_config.json in Resources */ = {isa = PBXBuildFile; fileRef = 433A1C14AFD7CDE29C4DCBEF /* rb_config.json */; };
		1239010911951C829BE6F48D /* ALSerialNumberScanViewController.m in Sources */ = {isa = PBXBuildFile; fileRef = 68A2B738DD67F42716D40949 /* ALSerialNumberScanViewController.m */; };
		13930A97CF102FDA8B346835 /* ALISBNViewController.m in Sources */ = {isa = PBXBuildFile; fileRef = DAAAECEAC5316E2D8E83F753 /* ALISBNViewController.m */; };
		1396F93784518FA209262B90 /* AudioToolbox.framework in Frameworks */ = {isa = PBXBuildFile; fileRef = 5CC3D2A9C72D8397681C79C2 /* AudioToolbox.framework */; };
		15E84CC79292F92B64274899 /* ALExample.m in Sources */ = {isa = PBXBuildFile; fileRef = D86CA50184F1942E73BD9213 /* ALExample.m */; };
		18D0A74A8DBB69933D600838 /* UIKit.framework in Frameworks */ = {isa = PBXBuildFile; fileRef = 11FDE1FFE361EDBDEE3C205F /* UIKit.framework */; };
		19F27E6C5502A6BB8397AE2B /* ALExampleManager.m in Sources */ = {isa = PBXBuildFile; fileRef = E90B1DAC081403BD50C5F152 /* ALExampleManager.m */; };
		1D04672C141DE1A8F0F98502 /* Reachability.m in Sources */ = {isa = PBXBuildFile; fileRef = EBE8F7F99A1A397410296C23 /* Reachability.m */; };
		20990112310C60A49B204C65 /* ALScrabbleWord.m in Sources */ = {isa = PBXBuildFile; fileRef = 6103E43D7371110BC6213F0C /* ALScrabbleWord.m */; };
		23E226CD2F509027BD10BAB3 /* ALRecordNumberScanViewController.m in Sources */ = {isa = PBXBuildFile; fileRef = E914DEA16B4E690C5C1991EF /* ALRecordNumberScanViewController.m */; };
		260DE60765600810FE8EFE8D /* ALISBNHeaderCell.m in Sources */ = {isa = PBXBuildFile; fileRef = 7BAFF883735FF225B4D04FCE /* ALISBNHeaderCell.m */; };
		2668406A0613F98DA813B44E /* ALScrabbleScanViewController.m in Sources */ = {isa = PBXBuildFile; fileRef = D8562EE0FC190E09FE6E7FBA /* ALScrabbleScanViewController.m */; };
		2B96251A87719D7063700E61 /* MeterImagesAssets.xcassets in Resources */ = {isa = PBXBuildFile; fileRef = 54AE98DB655EB1029628926A /* MeterImagesAssets.xcassets */; };
		309A74EE9373A1A7C09057E0 /* ALScrabbleViewController.m in Sources */ = {isa = PBXBuildFile; fileRef = 29092239DF6E401BDB033C26 /* ALScrabbleViewController.m */; };
		374A119C383BCBA14022BDFF /* ALLicensePlateResultOverlayView.m in Sources */ = {isa = PBXBuildFile; fileRef = C6E7B9B492C35E8943608E37 /* ALLicensePlateResultOverlayView.m */; };
		380B13CD7EADE1F5B9A5A65A /* ALISBNAPI.m in Sources */ = {isa = PBXBuildFile; fileRef = AD6DAD8B7DE07CE7DEFC65BD /* ALISBNAPI.m */; };
		3C82B893D15E52F5E0E5C467 /* AnylineResources.bundle in Resources */ = {isa = PBXBuildFile; fileRef = DEDA3CAA0D02926CA11708F5 /* AnylineResources.bundle */; };
		3F5330F7109DB3135D64DB58 /* ALDotMatrixMeterScanViewController.m in Sources */ = {isa = PBXBuildFile; fileRef = 441615A4F364F661B32AF9D6 /* ALDotMatrixMeterScanViewController.m */; };
		428B37B9806DBDE310327772 /* ALRBScanViewController.m in Sources */ = {isa = PBXBuildFile; fileRef = FC464871CA9572B3EFCA5F35 /* ALRBScanViewController.m */; };
		452A4B7D3A1B18B8DA800EF8 /* Main.storyboard in Resources */ = {isa = PBXBuildFile; fileRef = D8727A8BBF5682A6E725C090 /* Main.storyboard */; };
		4E0640B92D29DB5A7F1D6DF2 /* ALScrabblePoints.m in Sources */ = {isa = PBXBuildFile; fileRef = 938340AF6E801B1E47A49D1C /* ALScrabblePoints.m */; };
		5D6EACAD99D7A77668B11D98 /* ALHeatMeterScanViewController.m in Sources */ = {isa = PBXBuildFile; fileRef = DEEDFCC4CF893896C72836F5 /* ALHeatMeterScanViewController.m */; };
		5F3D816A5B835447AB9ECFB2 /* ALTextViewCell.m in Sources */ = {isa = PBXBuildFile; fileRef = E5E2D7BECEE1CE8448B0D4DF /* ALTextViewCell.m */; };
		60A8B7910CF0C6FCC09C08FB /* ALMultiformatBarcodeScanViewController.m in Sources */ = {isa = PBXBuildFile; fileRef = 529F67DE4FC3D7C25AF066EE /* ALMultiformatBarcodeScanViewController.m */; };
		680639841D3120DC9781F069 /* bottlecap_config.json in Resources */ = {isa = PBXBuildFile; fileRef = BA35C916B8FA84CDB963BDBA /* bottlecap_config.json */; };
		6D1EE9D1AE26966F2B301A5B /* ALDocumentScanViewController.m in Sources */ = {isa = PBXBuildFile; fileRef = 095A105FBAD31DC01FDBB6D0 /* ALDocumentScanViewController.m */; };
		6DBEF1FDC2699C27BB95D833 /* ALMRZScanViewController.m in Sources */ = {isa = PBXBuildFile; fileRef = 2B19F18002E78C2F6588E316 /* ALMRZScanViewController.m */; };
		6FE987ACF9ED2250F1399603 /* isbn_config.json in Resources */ = {isa = PBXBuildFile; fileRef = BD4DBC24230A545C6F50FE30 /* isbn_config.json */; };
		7096E361CF02CC495B57C335 /* ALLicensePlateViewController.m in Sources */ = {isa = PBXBuildFile; fileRef = EAEBDAB687F4B5F98090DA0B /* ALLicensePlateViewController.m */; };
		7362895653F8BD977CD972DB /* libc++.dylib in Frameworks */ = {isa = PBXBuildFile; fileRef = E1D0F44A6F2025E1B8D97E95 /* libc++.dylib */; };
		76318D0B701473B489FEF77D /* AVFoundation.framework in Frameworks */ = {isa = PBXBuildFile; fileRef = DD389A80DF4984F39067C287 /* AVFoundation.framework */; };
		80AFD054B9A1D9416363FA93 /* AnylineBottlecapScanViewController.swift in Sources */ = {isa = PBXBuildFile; fileRef = 594D30950807E12F97DA9FD0 /* AnylineBottlecapScanViewController.swift */; };
		86D2AD0A952CA97DE498326F /* record_number_config.json in Resources */ = {isa = PBXBuildFile; fileRef = 5C7D2F22EF36CFA4562FBDE6 /* record_number_config.json */; };
		8720C0C30D3B51DD11EAAF99 /* ALAutoAnalogDigitalMeterScanViewController.m in Sources */ = {isa = PBXBuildFile; fileRef = D5F2B7FC1DB8E949C9AF1825 /* ALAutoAnalogDigitalMeterScanViewController.m */; };
		883200DDE967334B1CDA2502 /* Accelerate.framework in Frameworks */ = {isa = PBXBuildFile; fileRef = C1716C8BDC46EEA0FABA1299 /* Accelerate.framework */; };
		8F9228D9A97ADE385D87D7DA /* ALBaseViewController.m in Sources */ = {isa = PBXBuildFile; fileRef = 1A22531B381EB3546D5EA58D /* ALBaseViewController.m */; };
		90240B992A567EDD2E27617E /* ALAnalogMeterScanViewController.m in Sources */ = {isa = PBXBuildFile; fileRef = C1E80BFE9D2C36308B237762 /* ALAnalogMeterScanViewController.m */; };
		9590A1FA27D73869F991561B /* ALJSONDownloader.m in Sources */ = {isa = PBXBuildFile; fileRef = A3B84E891036FDAF854B3F63 /* ALJSONDownloader.m */; };
		9C6A17DE83216862FE8A87A7 /* voucher_code_config.json in Resources */ = {isa = PBXBuildFile; fileRef = 26270D1AFDA57474D313BF38 /* voucher_code_config.json */; };
		9E9671AFAFF0721206FFA431 /* license_plate_view_config.json in Resources */ = {isa = PBXBuildFile; fileRef = B630E9B3528FF598DEAC935C /* license_plate_view_config.json */; };
		A883D793A3AEFB3F1C3DF312 /* NSString+Util.m in Sources */ = {isa = PBXBuildFile; fileRef = 06260FB10E29350A0470A4FC /* NSString+Util.m */; };
		B0EF7908699CF53D7EB4386E /* ALMainTableViewController.m in Sources */ = {isa = PBXBuildFile; fileRef = C2DD70C5232DA190EE35205F /* ALMainTableViewController.m */; };
		B2DEEC518E85DE5A5AB5A4BF /* ALIdentificationView.m in Sources */ = {isa = PBXBuildFile; fileRef = 4C7278AEA62AFAD3DD9A14EE /* ALIdentificationView.m */; };
		B32210DB476597B748438EBC /* Images.xcassets in Resources */ = {isa = PBXBuildFile; fileRef = 28E88C76AF69080B9D5FC54B /* Images.xcassets */; };
		B6E0C2F553D4795F24838903 /* scrabble_config.json in Resources */ = {isa = PBXBuildFile; fileRef = 0ED7DDC3D38D9F06D0071357 /* scrabble_config.json */; };
		B9EDF22CF8D6C7219352D975 /* AssetsLibrary.framework in Frameworks */ = {isa = PBXBuildFile; fileRef = 95A5FDF415AE3826014059D5 /* AssetsLibrary.framework */; };
		C62E30DE46A94B7F8862E904 /* ALBottlecapScanViewController.m in Sources */ = {isa = PBXBuildFile; fileRef = 463FC98F76F9898D33790D54 /* ALBottlecapScanViewController.m */; };
		C9C8DC7CA17114821505F61A /* ALResultOverlayView.m in Sources */ = {isa = PBXBuildFile; fileRef = 8B03757A5049B0789B0F06C7 /* ALResultOverlayView.m */; };
		CA89B4630E87EBB71C473343 /* ALScrabbleLabel.m in Sources */ = {isa = PBXBuildFile; fileRef = 1EA6EE27BB67CC0635C2B7F5 /* ALScrabbleLabel.m */; };
		CD2BA37F6EF3A4575DBD80FC /* main.m in Sources */ = {isa = PBXBuildFile; fileRef = 31DF1FCED630116580BE0689 /* main.m */; };
		CE635D3CA76076E769ED2C6B /* AppDelegate.m in Sources */ = {isa = PBXBuildFile; fileRef = 635597E0966D01FD7533AF85 /* AppDelegate.m */; };
		D19AEE8482547BCD2842B3E7 /* ALDigitalMeterScanViewController.m in Sources */ = {isa = PBXBuildFile; fileRef = DE651E7B004721B4FBFED5D4 /* ALDigitalMeterScanViewController.m */; };
		D4616EED5BB41053DE97D2C1 /* ALISBNScanViewController.m in Sources */ = {isa = PBXBuildFile; fileRef = A3325FBA2735973E9C441BFF /* ALISBNScanViewController.m */; };
		D94225ECFB58F613EAD39A56 /* ALDoubleTariffMeterScanViewController.m in Sources */ = {isa = PBXBuildFile; fileRef = F071D9F18113EEDEC2C75071 /* ALDoubleTariffMeterScanViewController.m */; };
		E49CFED211C551E94B55118D /* ALRoundedView.m in Sources */ = {isa = PBXBuildFile; fileRef = 6932576BBE91833BCDCBA999 /* ALRoundedView.m */; };
		E7BA307D449B96D28E7CEDFB /* LaunchScreen.xib in Resources */ = {isa = PBXBuildFile; fileRef = A9625A90879E934BBFB50ACD /* LaunchScreen.xib */; };
		EBA14B0EA022A9A1C0BF7D55 /* CoreMedia.framework in Frameworks */ = {isa = PBXBuildFile; fileRef = AC3E9A312B6C287BFCD131CB /* CoreMedia.framework */; };
		EBD3EDCF386B8D595B563C16 /* CoreMotion.framework in Frameworks */ = {isa = PBXBuildFile; fileRef = C7B65FEE9AF934E5E0E4D066 /* CoreMotion.framework */; };
		F147E62106316460B99356B4 /* Anyline.framework in Frameworks */ = {isa = PBXBuildFile; fileRef = 483BC48BD87FFA04B0C7F398 /* Anyline.framework */; };
		F34AD531F37A3E72DAB0999C /* ALMeterScanResultViewController.m in Sources */ = {isa = PBXBuildFile; fileRef = F878230A82B7FBE258957C53 /* ALMeterScanResultViewController.m */; };
		F6970CB1032CB2A85EB93D67 /* ISBNInfo.m in Sources */ = {isa = PBXBuildFile; fileRef = F53817B45ED084BCC5F172BB /* ISBNInfo.m */; };
		F77A0A754ABCDE9BDC7FD64C /* ALDialMeterScanViewController.m in Sources */ = {isa = PBXBuildFile; fileRef = 3BA77BD40223869ACAA5C62C /* ALDialMeterScanViewController.m */; };
		F7E73BF497E7779EAFCD8056 /* ALAnagramAPI.m in Sources */ = {isa = PBXBuildFile; fileRef = B68A6183F42E04E2C6FF8395 /* ALAnagramAPI.m */; };
		FD20FAE3AF44A02A3E52E47E /* ALIBANScanViewController.m in Sources */ = {isa = PBXBuildFile; fileRef = AE96BB346B31D8C92567FEE0 /* ALIBANScanViewController.m */; };
/* End PBXBuildFile section */

/* Begin PBXFileReference section */
		06260FB10E29350A0470A4FC /* NSString+Util.m */ = {isa = PBXFileReference; lastKnownFileType = sourcecode.c.objc; path = "NSString+Util.m"; sourceTree = "<group>"; };
		095A105FBAD31DC01FDBB6D0 /* ALDocumentScanViewController.m */ = {isa = PBXFileReference; lastKnownFileType = sourcecode.c.objc; path = ALDocumentScanViewController.m; sourceTree = "<group>"; };
		09B421993A72008244518253 /* ALDocumentScanViewController.h */ = {isa = PBXFileReference; lastKnownFileType = sourcecode.c.h; path = ALDocumentScanViewController.h; sourceTree = "<group>"; };
		0ED7DDC3D38D9F06D0071357 /* scrabble_config.json */ = {isa = PBXFileReference; lastKnownFileType = text; path = scrabble_config.json; sourceTree = "<group>"; };
		11FDE1FFE361EDBDEE3C205F /* UIKit.framework */ = {isa = PBXFileReference; lastKnownFileType = wrapper.framework; name = UIKit.framework; path = System/Library/Frameworks/UIKit.framework; sourceTree = SDKROOT; };
		171912A30B05E673D21F2578 /* ALBaseViewController.h */ = {isa = PBXFileReference; lastKnownFileType = sourcecode.c.h; path = ALBaseViewController.h; sourceTree = "<group>"; };
		1A22531B381EB3546D5EA58D /* ALBaseViewController.m */ = {isa = PBXFileReference; lastKnownFileType = sourcecode.c.objc; path = ALBaseViewController.m; sourceTree = "<group>"; };
		1C6F822EF04FD0BA4DB4A822 /* ALMultiformatBarcodeScanViewController.h */ = {isa = PBXFileReference; lastKnownFileType = sourcecode.c.h; path = ALMultiformatBarcodeScanViewController.h; sourceTree = "<group>"; };
		1EA6EE27BB67CC0635C2B7F5 /* ALScrabbleLabel.m */ = {isa = PBXFileReference; lastKnownFileType = sourcecode.c.objc; path = ALScrabbleLabel.m; sourceTree = "<group>"; };
		1FF0002345B8C3E1511C643B /* Reachability.h */ = {isa = PBXFileReference; lastKnownFileType = sourcecode.c.h; path = Reachability.h; sourceTree = "<group>"; };
		21D90B259BA0321A6ACB78B3 /* ALExample.h */ = {isa = PBXFileReference; lastKnownFileType = sourcecode.c.h; path = ALExample.h; sourceTree = "<group>"; };
		23364FFEAEBD59242759D32D /* ALAnalogMeterScanViewController.h */ = {isa = PBXFileReference; lastKnownFileType = sourcecode.c.h; path = ALAnalogMeterScanViewController.h; sourceTree = "<group>"; };
		24D6470A826B3BBE6FC57409 /* ALISBNAPI.h */ = {isa = PBXFileReference; lastKnownFileType = sourcecode.c.h; path = ALISBNAPI.h; sourceTree = "<group>"; };
		26270D1AFDA57474D313BF38 /* voucher_code_config.json */ = {isa = PBXFileReference; lastKnownFileType = text; path = voucher_code_config.json; sourceTree = "<group>"; };
		26FBC044CBAA939D45F1BF5C /* ALLicensePlateViewController.h */ = {isa = PBXFileReference; lastKnownFileType = sourcecode.c.h; path = ALLicensePlateViewController.h; sourceTree = "<group>"; };
		28E88C76AF69080B9D5FC54B /* Images.xcassets */ = {isa = PBXFileReference; lastKnownFileType = folder.assetcatalog; path = Images.xcassets; sourceTree = "<group>"; };
		29092239DF6E401BDB033C26 /* ALScrabbleViewController.m */ = {isa = PBXFileReference; lastKnownFileType = sourcecode.c.objc; path = ALScrabbleViewController.m; sourceTree = "<group>"; };
		2B19F18002E78C2F6588E316 /* ALMRZScanViewController.m */ = {isa = PBXFileReference; lastKnownFileType = sourcecode.c.objc; path = ALMRZScanViewController.m; sourceTree = "<group>"; };
		2F26646927C2D11D4DCA09F7 /* ALMeterScanResultViewController.h */ = {isa = PBXFileReference; lastKnownFileType = sourcecode.c.h; path = ALMeterScanResultViewController.h; sourceTree = "<group>"; };
		31DF1FCED630116580BE0689 /* main.m */ = {isa = PBXFileReference; lastKnownFileType = sourcecode.c.objc; path = main.m; sourceTree = "<group>"; };
		329EBD2F4AD43F36710CB837 /* AnylineExamples.app */ = {isa = PBXFileReference; explicitFileType = wrapper.application; includeInIndex = 0; path = AnylineExamples.app; sourceTree = BUILT_PRODUCTS_DIR; };
		3BA11DD4CE6387D71E8EF1BC /* ALScrabbleViewController.h */ = {isa = PBXFileReference; lastKnownFileType = sourcecode.c.h; path = ALScrabbleViewController.h; sourceTree = "<group>"; };
		3BA77BD40223869ACAA5C62C /* ALDialMeterScanViewController.m */ = {isa = PBXFileReference; lastKnownFileType = sourcecode.c.objc; path = ALDialMeterScanViewController.m; sourceTree = "<group>"; };
		4293E8D97347B073CE07DBD4 /* ALScrabbleScanViewController.h */ = {isa = PBXFileReference; lastKnownFileType = sourcecode.c.h; path = ALScrabbleScanViewController.h; sourceTree = "<group>"; };
		433A1C14AFD7CDE29C4DCBEF /* rb_config.json */ = {isa = PBXFileReference; lastKnownFileType = text; path = rb_config.json; sourceTree = "<group>"; };
		441615A4F364F661B32AF9D6 /* ALDotMatrixMeterScanViewController.m */ = {isa = PBXFileReference; lastKnownFileType = sourcecode.c.objc; path = ALDotMatrixMeterScanViewController.m; sourceTree = "<group>"; };
		463FC98F76F9898D33790D54 /* ALBottlecapScanViewController.m */ = {isa = PBXFileReference; lastKnownFileType = sourcecode.c.objc; path = ALBottlecapScanViewController.m; sourceTree = "<group>"; };
		483BC48BD87FFA04B0C7F398 /* Anyline.framework */ = {isa = PBXFileReference; lastKnownFileType = wrapper.framework; name = Anyline.framework; path = ../Framework/Anyline.framework; sourceTree = "<group>"; };
		4BF94003EAC9DBF73268C355 /* ALMRZScanViewController.h */ = {isa = PBXFileReference; lastKnownFileType = sourcecode.c.h; path = ALMRZScanViewController.h; sourceTree = "<group>"; };
		4C7278AEA62AFAD3DD9A14EE /* ALIdentificationView.m */ = {isa = PBXFileReference; lastKnownFileType = sourcecode.c.objc; path = ALIdentificationView.m; sourceTree = "<group>"; };
		529F67DE4FC3D7C25AF066EE /* ALMultiformatBarcodeScanViewController.m */ = {isa = PBXFileReference; lastKnownFileType = sourcecode.c.objc; path = ALMultiformatBarcodeScanViewController.m; sourceTree = "<group>"; };
		54AE98DB655EB1029628926A /* MeterImagesAssets.xcassets */ = {isa = PBXFileReference; lastKnownFileType = folder.assetcatalog; path = MeterImagesAssets.xcassets; sourceTree = "<group>"; };
		57A8AC5F40FE519FF0E51928 /* ALScrabbleWord.h */ = {isa = PBXFileReference; lastKnownFileType = sourcecode.c.h; path = ALScrabbleWord.h; sourceTree = "<group>"; };
		58A56763F81ED159313C307D /* ALLicensePlateResultOverlayView.h */ = {isa = PBXFileReference; lastKnownFileType = sourcecode.c.h; path = ALLicensePlateResultOverlayView.h; sourceTree = "<group>"; };
		594D30950807E12F97DA9FD0 /* AnylineBottlecapScanViewController.swift */ = {isa = PBXFileReference; lastKnownFileType = sourcecode.swift; path = AnylineBottlecapScanViewController.swift; sourceTree = "<group>"; };
		5A3424C55AF9A1FA23B731D7 /* Base */ = {isa = PBXFileReference; lastKnownFileType = file.xib; name = Base; path = Base.lproj/LaunchScreen.xib; sourceTree = "<group>"; };
		5B34DB20FC57897807D3E239 /* ALISBNScanViewController.h */ = {isa = PBXFileReference; lastKnownFileType = sourcecode.c.h; path = ALISBNScanViewController.h; sourceTree = "<group>"; };
		5C7D2F22EF36CFA4562FBDE6 /* record_number_config.json */ = {isa = PBXFileReference; lastKnownFileType = text; path = record_number_config.json; sourceTree = "<group>"; };
		5C8024E3A23A15183E818A0E /* ALHeatMeterScanViewController.h */ = {isa = PBXFileReference; lastKnownFileType = sourcecode.c.h; path = ALHeatMeterScanViewController.h; sourceTree = "<group>"; };
		5CC3D2A9C72D8397681C79C2 /* AudioToolbox.framework */ = {isa = PBXFileReference; lastKnownFileType = wrapper.framework; name = AudioToolbox.framework; path = System/Library/Frameworks/AudioToolbox.framework; sourceTree = SDKROOT; };
		5E76EF22AF27821297EE60C4 /* ALMainTableViewController.h */ = {isa = PBXFileReference; lastKnownFileType = sourcecode.c.h; path = ALMainTableViewController.h; sourceTree = "<group>"; };
		6103E43D7371110BC6213F0C /* ALScrabbleWord.m */ = {isa = PBXFileReference; lastKnownFileType = sourcecode.c.objc; path = ALScrabbleWord.m; sourceTree = "<group>"; };
		635597E0966D01FD7533AF85 /* AppDelegate.m */ = {isa = PBXFileReference; lastKnownFileType = sourcecode.c.objc; path = AppDelegate.m; sourceTree = "<group>"; };
		667E5777A3E03EDD682C3717 /* ALDialMeterScanViewController.h */ = {isa = PBXFileReference; lastKnownFileType = sourcecode.c.h; path = ALDialMeterScanViewController.h; sourceTree = "<group>"; };
		68A2B738DD67F42716D40949 /* ALSerialNumberScanViewController.m */ = {isa = PBXFileReference; lastKnownFileType = sourcecode.c.objc; path = ALSerialNumberScanViewController.m; sourceTree = "<group>"; };
		6922C5F3D3E6600A66CF7AE7 /* ALJSONDownloader.h */ = {isa = PBXFileReference; lastKnownFileType = sourcecode.c.h; path = ALJSONDownloader.h; sourceTree = "<group>"; };
		6932576BBE91833BCDCBA999 /* ALRoundedView.m */ = {isa = PBXFileReference; lastKnownFileType = sourcecode.c.objc; path = ALRoundedView.m; sourceTree = "<group>"; };
		76CBC2C7387AE271C2BB94AE /* ALDigitalMeterScanViewController.h */ = {isa = PBXFileReference; lastKnownFileType = sourcecode.c.h; path = ALDigitalMeterScanViewController.h; sourceTree = "<group>"; };
		7BAFF883735FF225B4D04FCE /* ALISBNHeaderCell.m */ = {isa = PBXFileReference; lastKnownFileType = sourcecode.c.objc; path = ALISBNHeaderCell.m; sourceTree = "<group>"; };
		7DC7FCACAA8E101556218BE8 /* ALSerialNumberScanViewController.h */ = {isa = PBXFileReference; lastKnownFileType = sourcecode.c.h; path = ALSerialNumberScanViewController.h; sourceTree = "<group>"; };
		825EE8FA96523049C40C4C6A /* document_config.json */ = {isa = PBXFileReference; lastKnownFileType = text; path = document_config.json; sourceTree = "<group>"; };
		827C96CA2CE47B790BFBB605 /* ALVoucherCodeScanViewController.m */ = {isa = PBXFileReference; lastKnownFileType = sourcecode.c.objc; path = ALVoucherCodeScanViewController.m; sourceTree = "<group>"; };
		8B03757A5049B0789B0F06C7 /* ALResultOverlayView.m */ = {isa = PBXFileReference; lastKnownFileType = sourcecode.c.objc; path = ALResultOverlayView.m; sourceTree = "<group>"; };
		8F0D05CE3306DD2010C47722 /* ALScrabblePoints.h */ = {isa = PBXFileReference; lastKnownFileType = sourcecode.c.h; path = ALScrabblePoints.h; sourceTree = "<group>"; };
		8F4C811F730AA27B636E747E /* ALISBNHeaderCell.h */ = {isa = PBXFileReference; lastKnownFileType = sourcecode.c.h; path = ALISBNHeaderCell.h; sourceTree = "<group>"; };
		9191BA24A34A5735B6C4523D /* ALISBNViewController.h */ = {isa = PBXFileReference; lastKnownFileType = sourcecode.c.h; path = ALISBNViewController.h; sourceTree = "<group>"; };
		938340AF6E801B1E47A49D1C /* ALScrabblePoints.m */ = {isa = PBXFileReference; lastKnownFileType = sourcecode.c.objc; path = ALScrabblePoints.m; sourceTree = "<group>"; };
		950781D71D0694DBB4BB707B /* ALIBANScanViewController.h */ = {isa = PBXFileReference; lastKnownFileType = sourcecode.c.h; path = ALIBANScanViewController.h; sourceTree = "<group>"; };
		95A5FDF415AE3826014059D5 /* AssetsLibrary.framework */ = {isa = PBXFileReference; lastKnownFileType = wrapper.framework; name = AssetsLibrary.framework; path = System/Library/Frameworks/AssetsLibrary.framework; sourceTree = SDKROOT; };
		98C162A996FF6809E4FE2BF4 /* ALDoubleTariffMeterScanViewController.h */ = {isa = PBXFileReference; lastKnownFileType = sourcecode.c.h; path = ALDoubleTariffMeterScanViewController.h; sourceTree = "<group>"; };
		998D6FEC0B393A0E85C51F17 /* ALTextViewCell.h */ = {isa = PBXFileReference; lastKnownFileType = sourcecode.c.h; path = ALTextViewCell.h; sourceTree = "<group>"; };
		9BE378AD7F36A6A19366ABC6 /* ALExampleManager.h */ = {isa = PBXFileReference; lastKnownFileType = sourcecode.c.h; path = ALExampleManager.h; sourceTree = "<group>"; };
		9D4BDABFE4281ECE9455DE35 /* NSString+Util.h */ = {isa = PBXFileReference; lastKnownFileType = sourcecode.c.h; path = "NSString+Util.h"; sourceTree = "<group>"; };
		A2F3ED09A3FEFA92F4DF8590 /* ALAnagramAPI.h */ = {isa = PBXFileReference; lastKnownFileType = sourcecode.c.h; path = ALAnagramAPI.h; sourceTree = "<group>"; };
		A3325FBA2735973E9C441BFF /* ALISBNScanViewController.m */ = {isa = PBXFileReference; lastKnownFileType = sourcecode.c.objc; path = ALISBNScanViewController.m; sourceTree = "<group>"; };
		A3B84E891036FDAF854B3F63 /* ALJSONDownloader.m */ = {isa = PBXFileReference; lastKnownFileType = sourcecode.c.objc; path = ALJSONDownloader.m; sourceTree = "<group>"; };
		AB63709C54948136BE9BE400 /* ALAppDemoLicenses.h */ = {isa = PBXFileReference; lastKnownFileType = sourcecode.c.h; path = ALAppDemoLicenses.h; sourceTree = "<group>"; };
		AC3E9A312B6C287BFCD131CB /* CoreMedia.framework */ = {isa = PBXFileReference; lastKnownFileType = wrapper.framework; name = CoreMedia.framework; path = System/Library/Frameworks/CoreMedia.framework; sourceTree = SDKROOT; };
		AD6DAD8B7DE07CE7DEFC65BD /* ALISBNAPI.m */ = {isa = PBXFileReference; lastKnownFileType = sourcecode.c.objc; path = ALISBNAPI.m; sourceTree = "<group>"; };
		AE96BB346B31D8C92567FEE0 /* ALIBANScanViewController.m */ = {isa = PBXFileReference; lastKnownFileType = sourcecode.c.objc; path = ALIBANScanViewController.m; sourceTree = "<group>"; };
		AED5CFD48CF060CE713C14D9 /* ALAutoAnalogDigitalMeterScanViewController.h */ = {isa = PBXFileReference; lastKnownFileType = sourcecode.c.h; path = ALAutoAnalogDigitalMeterScanViewController.h; sourceTree = "<group>"; };
		B630E9B3528FF598DEAC935C /* license_plate_view_config.json */ = {isa = PBXFileReference; lastKnownFileType = text; path = license_plate_view_config.json; sourceTree = "<group>"; };
		B68A6183F42E04E2C6FF8395 /* ALAnagramAPI.m */ = {isa = PBXFileReference; lastKnownFileType = sourcecode.c.objc; path = ALAnagramAPI.m; sourceTree = "<group>"; };
		BA35C916B8FA84CDB963BDBA /* bottlecap_config.json */ = {isa = PBXFileReference; lastKnownFileType = text; path = bottlecap_config.json; sourceTree = "<group>"; };
		BC6F8B321B1B320D10E619D8 /* ALVoucherCodeScanViewController.h */ = {isa = PBXFileReference; lastKnownFileType = sourcecode.c.h; path = ALVoucherCodeScanViewController.h; sourceTree = "<group>"; };
		BD4DBC24230A545C6F50FE30 /* isbn_config.json */ = {isa = PBXFileReference; lastKnownFileType = text; path = isbn_config.json; sourceTree = "<group>"; };
		BD8FACE7DF128B80BC256A93 /* ALRecordNumberScanViewController.h */ = {isa = PBXFileReference; lastKnownFileType = sourcecode.c.h; path = ALRecordNumberScanViewController.h; sourceTree = "<group>"; };
		C1716C8BDC46EEA0FABA1299 /* Accelerate.framework */ = {isa = PBXFileReference; lastKnownFileType = wrapper.framework; name = Accelerate.framework; path = System/Library/Frameworks/Accelerate.framework; sourceTree = SDKROOT; };
		C1E80BFE9D2C36308B237762 /* ALAnalogMeterScanViewController.m */ = {isa = PBXFileReference; lastKnownFileType = sourcecode.c.objc; path = ALAnalogMeterScanViewController.m; sourceTree = "<group>"; };
		C2DD70C5232DA190EE35205F /* ALMainTableViewController.m */ = {isa = PBXFileReference; lastKnownFileType = sourcecode.c.objc; path = ALMainTableViewController.m; sourceTree = "<group>"; };
		C537BA1D2368DD094600C1D1 /* ALBottlecapScanViewController.h */ = {isa = PBXFileReference; lastKnownFileType = sourcecode.c.h; path = ALBottlecapScanViewController.h; sourceTree = "<group>"; };
		C6E7B9B492C35E8943608E37 /* ALLicensePlateResultOverlayView.m */ = {isa = PBXFileReference; lastKnownFileType = sourcecode.c.objc; path = ALLicensePlateResultOverlayView.m; sourceTree = "<group>"; };
		C7B65FEE9AF934E5E0E4D066 /* CoreMotion.framework */ = {isa = PBXFileReference; lastKnownFileType = wrapper.framework; name = CoreMotion.framework; path = System/Library/Frameworks/CoreMotion.framework; sourceTree = SDKROOT; };
		C81999122CB88F7097AD96BA /* ALRoundedView.h */ = {isa = PBXFileReference; lastKnownFileType = sourcecode.c.h; path = ALRoundedView.h; sourceTree = "<group>"; };
		CD7D3A4A810DAA81EA0A93EA /* ISBNInfo.h */ = {isa = PBXFileReference; lastKnownFileType = sourcecode.c.h; path = ISBNInfo.h; sourceTree = "<group>"; };
		CED25EF103444219BDEFFA68 /* ALRBScanViewController.h */ = {isa = PBXFileReference; lastKnownFileType = sourcecode.c.h; path = ALRBScanViewController.h; sourceTree = "<group>"; };
		D23AC23D267D89D73835F726 /* ALScrabbleLabel.h */ = {isa = PBXFileReference; lastKnownFileType = sourcecode.c.h; path = ALScrabbleLabel.h; sourceTree = "<group>"; };
		D5F2B7FC1DB8E949C9AF1825 /* ALAutoAnalogDigitalMeterScanViewController.m */ = {isa = PBXFileReference; lastKnownFileType = sourcecode.c.objc; path = ALAutoAnalogDigitalMeterScanViewController.m; sourceTree = "<group>"; };
		D8562EE0FC190E09FE6E7FBA /* ALScrabbleScanViewController.m */ = {isa = PBXFileReference; lastKnownFileType = sourcecode.c.objc; path = ALScrabbleScanViewController.m; sourceTree = "<group>"; };
		D86CA50184F1942E73BD9213 /* ALExample.m */ = {isa = PBXFileReference; lastKnownFileType = sourcecode.c.objc; path = ALExample.m; sourceTree = "<group>"; };
		DAAAECEAC5316E2D8E83F753 /* ALISBNViewController.m */ = {isa = PBXFileReference; lastKnownFileType = sourcecode.c.objc; path = ALISBNViewController.m; sourceTree = "<group>"; };
		DBC80CF378F2C88698DCDEAC /* ALResultOverlayView.h */ = {isa = PBXFileReference; lastKnownFileType = sourcecode.c.h; path = ALResultOverlayView.h; sourceTree = "<group>"; };
		DCFF10303A25FA1A2A079A21 /* AppDelegate.h */ = {isa = PBXFileReference; lastKnownFileType = sourcecode.c.h; path = AppDelegate.h; sourceTree = "<group>"; };
		DD389A80DF4984F39067C287 /* AVFoundation.framework */ = {isa = PBXFileReference; lastKnownFileType = wrapper.framework; name = AVFoundation.framework; path = System/Library/Frameworks/AVFoundation.framework; sourceTree = SDKROOT; };
		DE651E7B004721B4FBFED5D4 /* ALDigitalMeterScanViewController.m */ = {isa = PBXFileReference; lastKnownFileType = sourcecode.c.objc; path = ALDigitalMeterScanViewController.m; sourceTree = "<group>"; };
		DEDA3CAA0D02926CA11708F5 /* AnylineResources.bundle */ = {isa = PBXFileReference; lastKnownFileType = wrapper.cfbundle; path = AnylineResources.bundle; sourceTree = "<group>"; };
		DEEDFCC4CF893896C72836F5 /* ALHeatMeterScanViewController.m */ = {isa = PBXFileReference; lastKnownFileType = sourcecode.c.objc; path = ALHeatMeterScanViewController.m; sourceTree = "<group>"; };
		E1D0F44A6F2025E1B8D97E95 /* libc++.dylib */ = {isa = PBXFileReference; lastKnownFileType = "compiled.mach-o.dylib"; name = "libc++.dylib"; path = "usr/lib/libc++.dylib"; sourceTree = SDKROOT; };
		E5E2D7BECEE1CE8448B0D4DF /* ALTextViewCell.m */ = {isa = PBXFileReference; lastKnownFileType = sourcecode.c.objc; path = ALTextViewCell.m; sourceTree = "<group>"; };
		E90B1DAC081403BD50C5F152 /* ALExampleManager.m */ = {isa = PBXFileReference; lastKnownFileType = sourcecode.c.objc; path = ALExampleManager.m; sourceTree = "<group>"; };
		E914DEA16B4E690C5C1991EF /* ALRecordNumberScanViewController.m */ = {isa = PBXFileReference; lastKnownFileType = sourcecode.c.objc; path = ALRecordNumberScanViewController.m; sourceTree = "<group>"; };
		E9A4117064DEC62B2EA7ABA4 /* Info.plist */ = {isa = PBXFileReference; lastKnownFileType = text.plist.xml; path = Info.plist; sourceTree = "<group>"; };
		EAEBDAB687F4B5F98090DA0B /* ALLicensePlateViewController.m */ = {isa = PBXFileReference; lastKnownFileType = sourcecode.c.objc; path = ALLicensePlateViewController.m; sourceTree = "<group>"; };
		EBE8F7F99A1A397410296C23 /* Reachability.m */ = {isa = PBXFileReference; lastKnownFileType = sourcecode.c.objc; path = Reachability.m; sourceTree = "<group>"; };
		EFDFBCFF90A0ED10D6B009C3 /* ALIdentificationView.h */ = {isa = PBXFileReference; lastKnownFileType = sourcecode.c.h; path = ALIdentificationView.h; sourceTree = "<group>"; };
		F071D9F18113EEDEC2C75071 /* ALDoubleTariffMeterScanViewController.m */ = {isa = PBXFileReference; lastKnownFileType = sourcecode.c.objc; path = ALDoubleTariffMeterScanViewController.m; sourceTree = "<group>"; };
		F33423D8FCDDA8CD26BD55B5 /* AnylineExamples-Bridging-Header.h */ = {isa = PBXFileReference; lastKnownFileType = sourcecode.c.h; path = "AnylineExamples-Bridging-Header.h"; sourceTree = "<group>"; };
		F53817B45ED084BCC5F172BB /* ISBNInfo.m */ = {isa = PBXFileReference; lastKnownFileType = sourcecode.c.objc; path = ISBNInfo.m; sourceTree = "<group>"; };
		F541A67C6F4420290AA5767D /* Base */ = {isa = PBXFileReference; lastKnownFileType = file.storyboard; name = Base; path = Base.lproj/Main.storyboard; sourceTree = "<group>"; };
		F878230A82B7FBE258957C53 /* ALMeterScanResultViewController.m */ = {isa = PBXFileReference; lastKnownFileType = sourcecode.c.objc; path = ALMeterScanResultViewController.m; sourceTree = "<group>"; };
		F9D1EBF55629C059F2E94985 /* iban_config.json */ = {isa = PBXFileReference; lastKnownFileType = text; path = iban_config.json; sourceTree = "<group>"; };
		FC464871CA9572B3EFCA5F35 /* ALRBScanViewController.m */ = {isa = PBXFileReference; lastKnownFileType = sourcecode.c.objc; path = ALRBScanViewController.m; sourceTree = "<group>"; };
		FC68A51F6F225F4077700D96 /* ALDotMatrixMeterScanViewController.h */ = {isa = PBXFileReference; lastKnownFileType = sourcecode.c.h; path = ALDotMatrixMeterScanViewController.h; sourceTree = "<group>"; };
/* End PBXFileReference section */

/* Begin PBXFrameworksBuildPhase section */
		B686AC4B6F7EA5998DB43FAA /* Frameworks */ = {
			isa = PBXFrameworksBuildPhase;
			buildActionMask = 2147483647;
			files = (
				883200DDE967334B1CDA2502 /* Accelerate.framework in Frameworks */,
				7362895653F8BD977CD972DB /* libc++.dylib in Frameworks */,
				76318D0B701473B489FEF77D /* AVFoundation.framework in Frameworks */,
				18D0A74A8DBB69933D600838 /* UIKit.framework in Frameworks */,
				F147E62106316460B99356B4 /* Anyline.framework in Frameworks */,
				B9EDF22CF8D6C7219352D975 /* AssetsLibrary.framework in Frameworks */,
				1396F93784518FA209262B90 /* AudioToolbox.framework in Frameworks */,
				EBA14B0EA022A9A1C0BF7D55 /* CoreMedia.framework in Frameworks */,
				EBD3EDCF386B8D595B563C16 /* CoreMotion.framework in Frameworks */,
			);
			runOnlyForDeploymentPostprocessing = 0;
		};
/* End PBXFrameworksBuildPhase section */

/* Begin PBXGroup section */
		03DF87B6F4FD311F49342EC1 /* ViewController */ = {
			isa = PBXGroup;
			children = (
				24D6470A826B3BBE6FC57409 /* ALISBNAPI.h */,
				AD6DAD8B7DE07CE7DEFC65BD /* ALISBNAPI.m */,
				8F4C811F730AA27B636E747E /* ALISBNHeaderCell.h */,
				7BAFF883735FF225B4D04FCE /* ALISBNHeaderCell.m */,
				5B34DB20FC57897807D3E239 /* ALISBNScanViewController.h */,
				A3325FBA2735973E9C441BFF /* ALISBNScanViewController.m */,
				9191BA24A34A5735B6C4523D /* ALISBNViewController.h */,
				DAAAECEAC5316E2D8E83F753 /* ALISBNViewController.m */,
				CD7D3A4A810DAA81EA0A93EA /* ISBNInfo.h */,
				F53817B45ED084BCC5F172BB /* ISBNInfo.m */,
			);
			path = ViewController;
			sourceTree = "<group>";
		};
		0E0BEA9C8B6EF83EBFEC9E8E /* Anyline Demo App */ = {
			isa = PBXGroup;
			children = (
				BB90523138C6FEEE34108418 /* DemoApp Source */,
				28E88C76AF69080B9D5FC54B /* Images.xcassets */,
				E9A4117064DEC62B2EA7ABA4 /* Info.plist */,
				A9625A90879E934BBFB50ACD /* LaunchScreen.xib */,
				D8727A8BBF5682A6E725C090 /* Main.storyboard */,
				31DF1FCED630116580BE0689 /* main.m */,
			);
			path = "Anyline Demo App";
			sourceTree = "<group>";
		};
		0F26CABFFCB11DE1C8517E6A /* MRZ */ = {
			isa = PBXGroup;
			children = (
				EFE6DFCF14944390520DE3D5 /* ViewController */,
				47FB4E7A835435FCB885D815 /* Views */,
			);
			path = MRZ;
			sourceTree = "<group>";
		};
		1B8CE5A2D0780DF5BEFC7BF2 /* MultiformatBarcode */ = {
			isa = PBXGroup;
			children = (
				1C6F822EF04FD0BA4DB4A822 /* ALMultiformatBarcodeScanViewController.h */,
				529F67DE4FC3D7C25AF066EE /* ALMultiformatBarcodeScanViewController.m */,
			);
			name = MultiformatBarcode;
			path = MultiformatBarcode/ViewController;
			sourceTree = "<group>";
		};
		2EDD43DC8833A207723A124E /* Source */ = {
			isa = PBXGroup;
			children = (
				CF03A9661C84782B0E65C46E /* Anyline */,
				0E0BEA9C8B6EF83EBFEC9E8E /* Anyline Demo App */,
				678C555D82AA23FE3EAF70C3 /* Anyline Examples Source */,
			);
			name = Source;
			sourceTree = "<group>";
		};
		3E06D0FF893C05645DEC8875 /* ViewController */ = {
			isa = PBXGroup;
			children = (
				BD8FACE7DF128B80BC256A93 /* ALRecordNumberScanViewController.h */,
				E914DEA16B4E690C5C1991EF /* ALRecordNumberScanViewController.m */,
			);
			path = ViewController;
			sourceTree = "<group>";
		};
		423E84A315C9F2AB7FCBCC6F /* Bottlecap */ = {
			isa = PBXGroup;
			children = (
				FB23DD4142F9D605A167D074 /* ViewController */,
				BA35C916B8FA84CDB963BDBA /* bottlecap_config.json */,
			);
			path = Bottlecap;
			sourceTree = "<group>";
		};
		42A136D1D67E42B1C4C2F2A8 /* Frameworks */ = {
			isa = PBXGroup;
			children = (
				DD389A80DF4984F39067C287 /* AVFoundation.framework */,
				C1716C8BDC46EEA0FABA1299 /* Accelerate.framework */,
				483BC48BD87FFA04B0C7F398 /* Anyline.framework */,
				95A5FDF415AE3826014059D5 /* AssetsLibrary.framework */,
				5CC3D2A9C72D8397681C79C2 /* AudioToolbox.framework */,
				AC3E9A312B6C287BFCD131CB /* CoreMedia.framework */,
				C7B65FEE9AF934E5E0E4D066 /* CoreMotion.framework */,
				11FDE1FFE361EDBDEE3C205F /* UIKit.framework */,
				E1D0F44A6F2025E1B8D97E95 /* libc++.dylib */,
			);
			name = Frameworks;
			sourceTree = "<group>";
		};
		468CAB1F2847D6E3B39B610E /* Scrabble */ = {
			isa = PBXGroup;
			children = (
				4A5A95C81A69C2378A60688B /* ViewController */,
				0ED7DDC3D38D9F06D0071357 /* scrabble_config.json */,
			);
			path = Scrabble;
			sourceTree = "<group>";
		};
		47FB4E7A835435FCB885D815 /* Views */ = {
			isa = PBXGroup;
			children = (
				EFDFBCFF90A0ED10D6B009C3 /* ALIdentificationView.h */,
				4C7278AEA62AFAD3DD9A14EE /* ALIdentificationView.m */,
			);
			path = Views;
			sourceTree = "<group>";
		};
		4A5A95C81A69C2378A60688B /* ViewController */ = {
			isa = PBXGroup;
			children = (
				A2F3ED09A3FEFA92F4DF8590 /* ALAnagramAPI.h */,
				B68A6183F42E04E2C6FF8395 /* ALAnagramAPI.m */,
				D23AC23D267D89D73835F726 /* ALScrabbleLabel.h */,
				1EA6EE27BB67CC0635C2B7F5 /* ALScrabbleLabel.m */,
				8F0D05CE3306DD2010C47722 /* ALScrabblePoints.h */,
				938340AF6E801B1E47A49D1C /* ALScrabblePoints.m */,
				4293E8D97347B073CE07DBD4 /* ALScrabbleScanViewController.h */,
				D8562EE0FC190E09FE6E7FBA /* ALScrabbleScanViewController.m */,
				3BA11DD4CE6387D71E8EF1BC /* ALScrabbleViewController.h */,
				29092239DF6E401BDB033C26 /* ALScrabbleViewController.m */,
				57A8AC5F40FE519FF0E51928 /* ALScrabbleWord.h */,
				6103E43D7371110BC6213F0C /* ALScrabbleWord.m */,
			);
			path = ViewController;
			sourceTree = "<group>";
		};
		523D37D99AE2821A5FFE17FD /* Products */ = {
			isa = PBXGroup;
			children = (
				329EBD2F4AD43F36710CB837 /* AnylineExamples.app */,
			);
			name = Products;
			sourceTree = "<group>";
		};
		53619EF2FF841DBCC88E6275 /* ViewController */ = {
			isa = PBXGroup;
			children = (
				950781D71D0694DBB4BB707B /* ALIBANScanViewController.h */,
				AE96BB346B31D8C92567FEE0 /* ALIBANScanViewController.m */,
			);
			path = ViewController;
			sourceTree = "<group>";
		};
		590D1C591DF1392E30E15B29 /* ViewController */ = {
			isa = PBXGroup;
			children = (
				26FBC044CBAA939D45F1BF5C /* ALLicensePlateViewController.h */,
				EAEBDAB687F4B5F98090DA0B /* ALLicensePlateViewController.m */,
			);
			path = ViewController;
			sourceTree = "<group>";
		};
		5BC46400BD87F0FEA8FF6E18 /* Views */ = {
			isa = PBXGroup;
			children = (
				C81999122CB88F7097AD96BA /* ALRoundedView.h */,
				6932576BBE91833BCDCBA999 /* ALRoundedView.m */,
			);
			path = Views;
			sourceTree = "<group>";
		};
		5E368612FDBB05317AB367B0 /* ViewController */ = {
			isa = PBXGroup;
			children = (
				09B421993A72008244518253 /* ALDocumentScanViewController.h */,
				095A105FBAD31DC01FDBB6D0 /* ALDocumentScanViewController.m */,
			);
			path = ViewController;
			sourceTree = "<group>";
		};
		62CFF4839C58D7938C31CD88 /* MeterScan */ = {
			isa = PBXGroup;
			children = (
				F8BF7431011A3445411DBC7C /* ViewController */,
				54AE98DB655EB1029628926A /* MeterImagesAssets.xcassets */,
			);
			path = MeterScan;
			sourceTree = "<group>";
		};
		678C555D82AA23FE3EAF70C3 /* Anyline Examples Source */ = {
			isa = PBXGroup;
			children = (
				423E84A315C9F2AB7FCBCC6F /* Bottlecap */,
				6AC3D386EFAADB2B7EFF9B3A /* Document */,
				DFEE8B0372E58B7EADEE9DE9 /* IBAN */,
				9EE0FB2C81106E82A457E81E /* ISBN */,
				DB10F0F693BA59CCDF465C3A /* LicensePlate */,
				0F26CABFFCB11DE1C8517E6A /* MRZ */,
				62CFF4839C58D7938C31CD88 /* MeterScan */,
				1B8CE5A2D0780DF5BEFC7BF2 /* MultiformatBarcode */,
				EB956281C364122BC6AAAA5A /* RB */,
				E15AF6C802B1C59B5320E989 /* RecordNumber */,
				468CAB1F2847D6E3B39B610E /* Scrabble */,
				B3A2F1A42CE532B2F834E806 /* Utility */,
				BB8B073899A792D0F0C1A7FD /* VoucherCode */,
				F33423D8FCDDA8CD26BD55B5 /* AnylineExamples-Bridging-Header.h */,
			);
			path = "Anyline Examples Source";
			sourceTree = "<group>";
		};
		6AC3D386EFAADB2B7EFF9B3A /* Document */ = {
			isa = PBXGroup;
			children = (
				5E368612FDBB05317AB367B0 /* ViewController */,
				5BC46400BD87F0FEA8FF6E18 /* Views */,
				825EE8FA96523049C40C4C6A /* document_config.json */,
			);
			path = Document;
			sourceTree = "<group>";
		};
		8AACE277FF2854C8FE4EAEE1 /* Views */ = {
			isa = PBXGroup;
			children = (
				58A56763F81ED159313C307D /* ALLicensePlateResultOverlayView.h */,
				C6E7B9B492C35E8943608E37 /* ALLicensePlateResultOverlayView.m */,
			);
			path = Views;
			sourceTree = "<group>";
		};
		8D903C402963CF1F86F80562 /* ViewController */ = {
			isa = PBXGroup;
			children = (
				BC6F8B321B1B320D10E619D8 /* ALVoucherCodeScanViewController.h */,
				827C96CA2CE47B790BFBB605 /* ALVoucherCodeScanViewController.m */,
			);
			path = ViewController;
			sourceTree = "<group>";
		};
		9EE0FB2C81106E82A457E81E /* ISBN */ = {
			isa = PBXGroup;
			children = (
				03DF87B6F4FD311F49342EC1 /* ViewController */,
				BD4DBC24230A545C6F50FE30 /* isbn_config.json */,
			);
			path = ISBN;
			sourceTree = "<group>";
		};
		A0C97B3D25E26984321D2BA9 = {
			isa = PBXGroup;
			children = (
				2EDD43DC8833A207723A124E /* Source */,
				42A136D1D67E42B1C4C2F2A8 /* Frameworks */,
				523D37D99AE2821A5FFE17FD /* Products */,
			);
			sourceTree = "<group>";
		};
		AEE5E549873A076782BBB5B6 /* ViewController */ = {
			isa = PBXGroup;
			children = (
				CED25EF103444219BDEFFA68 /* ALRBScanViewController.h */,
				FC464871CA9572B3EFCA5F35 /* ALRBScanViewController.m */,
			);
			path = ViewController;
			sourceTree = "<group>";
		};
		B3A2F1A42CE532B2F834E806 /* Utility */ = {
			isa = PBXGroup;
			children = (
				BF96364A71B6C7F25020D6D2 /* View */,
				AB63709C54948136BE9BE400 /* ALAppDemoLicenses.h */,
				6922C5F3D3E6600A66CF7AE7 /* ALJSONDownloader.h */,
				A3B84E891036FDAF854B3F63 /* ALJSONDownloader.m */,
				9D4BDABFE4281ECE9455DE35 /* NSString+Util.h */,
				06260FB10E29350A0470A4FC /* NSString+Util.m */,
				1FF0002345B8C3E1511C643B /* Reachability.h */,
				EBE8F7F99A1A397410296C23 /* Reachability.m */,
			);
			path = Utility;
			sourceTree = "<group>";
		};
		BB8B073899A792D0F0C1A7FD /* VoucherCode */ = {
			isa = PBXGroup;
			children = (
				8D903C402963CF1F86F80562 /* ViewController */,
				26270D1AFDA57474D313BF38 /* voucher_code_config.json */,
			);
			path = VoucherCode;
			sourceTree = "<group>";
		};
		BB90523138C6FEEE34108418 /* DemoApp Source */ = {
			isa = PBXGroup;
			children = (
				21D90B259BA0321A6ACB78B3 /* ALExample.h */,
				D86CA50184F1942E73BD9213 /* ALExample.m */,
				9BE378AD7F36A6A19366ABC6 /* ALExampleManager.h */,
				E90B1DAC081403BD50C5F152 /* ALExampleManager.m */,
				5E76EF22AF27821297EE60C4 /* ALMainTableViewController.h */,
				C2DD70C5232DA190EE35205F /* ALMainTableViewController.m */,
				DCFF10303A25FA1A2A079A21 /* AppDelegate.h */,
				635597E0966D01FD7533AF85 /* AppDelegate.m */,
			);
			path = "DemoApp Source";
			sourceTree = "<group>";
		};
		BF96364A71B6C7F25020D6D2 /* View */ = {
			isa = PBXGroup;
			children = (
				171912A30B05E673D21F2578 /* ALBaseViewController.h */,
				1A22531B381EB3546D5EA58D /* ALBaseViewController.m */,
				DBC80CF378F2C88698DCDEAC /* ALResultOverlayView.h */,
				8B03757A5049B0789B0F06C7 /* ALResultOverlayView.m */,
				998D6FEC0B393A0E85C51F17 /* ALTextViewCell.h */,
				E5E2D7BECEE1CE8448B0D4DF /* ALTextViewCell.m */,
			);
			path = View;
			sourceTree = "<group>";
		};
		CF03A9661C84782B0E65C46E /* Anyline */ = {
			isa = PBXGroup;
			children = (
				DEDA3CAA0D02926CA11708F5 /* AnylineResources.bundle */,
			);
			name = Anyline;
			path = ../Framework/;
			sourceTree = "<group>";
		};
		DB10F0F693BA59CCDF465C3A /* LicensePlate */ = {
			isa = PBXGroup;
			children = (
				590D1C591DF1392E30E15B29 /* ViewController */,
				8AACE277FF2854C8FE4EAEE1 /* Views */,
				B630E9B3528FF598DEAC935C /* license_plate_view_config.json */,
			);
			path = LicensePlate;
			sourceTree = "<group>";
		};
		DFEE8B0372E58B7EADEE9DE9 /* IBAN */ = {
			isa = PBXGroup;
			children = (
				53619EF2FF841DBCC88E6275 /* ViewController */,
				F9D1EBF55629C059F2E94985 /* iban_config.json */,
			);
			path = IBAN;
			sourceTree = "<group>";
		};
		E15AF6C802B1C59B5320E989 /* RecordNumber */ = {
			isa = PBXGroup;
			children = (
				3E06D0FF893C05645DEC8875 /* ViewController */,
				5C7D2F22EF36CFA4562FBDE6 /* record_number_config.json */,
			);
			path = RecordNumber;
			sourceTree = "<group>";
		};
		EB956281C364122BC6AAAA5A /* RB */ = {
			isa = PBXGroup;
			children = (
				AEE5E549873A076782BBB5B6 /* ViewController */,
				433A1C14AFD7CDE29C4DCBEF /* rb_config.json */,
			);
			path = RB;
			sourceTree = "<group>";
		};
		EFE6DFCF14944390520DE3D5 /* ViewController */ = {
			isa = PBXGroup;
			children = (
				4BF94003EAC9DBF73268C355 /* ALMRZScanViewController.h */,
				2B19F18002E78C2F6588E316 /* ALMRZScanViewController.m */,
			);
			path = ViewController;
			sourceTree = "<group>";
		};
		F8BF7431011A3445411DBC7C /* ViewController */ = {
			isa = PBXGroup;
			children = (
				23364FFEAEBD59242759D32D /* ALAnalogMeterScanViewController.h */,
				C1E80BFE9D2C36308B237762 /* ALAnalogMeterScanViewController.m */,
				AED5CFD48CF060CE713C14D9 /* ALAutoAnalogDigitalMeterScanViewController.h */,
				D5F2B7FC1DB8E949C9AF1825 /* ALAutoAnalogDigitalMeterScanViewController.m */,
				667E5777A3E03EDD682C3717 /* ALDialMeterScanViewController.h */,
				3BA77BD40223869ACAA5C62C /* ALDialMeterScanViewController.m */,
				76CBC2C7387AE271C2BB94AE /* ALDigitalMeterScanViewController.h */,
				DE651E7B004721B4FBFED5D4 /* ALDigitalMeterScanViewController.m */,
				FC68A51F6F225F4077700D96 /* ALDotMatrixMeterScanViewController.h */,
				441615A4F364F661B32AF9D6 /* ALDotMatrixMeterScanViewController.m */,
				98C162A996FF6809E4FE2BF4 /* ALDoubleTariffMeterScanViewController.h */,
				F071D9F18113EEDEC2C75071 /* ALDoubleTariffMeterScanViewController.m */,
				5C8024E3A23A15183E818A0E /* ALHeatMeterScanViewController.h */,
				DEEDFCC4CF893896C72836F5 /* ALHeatMeterScanViewController.m */,
				2F26646927C2D11D4DCA09F7 /* ALMeterScanResultViewController.h */,
				F878230A82B7FBE258957C53 /* ALMeterScanResultViewController.m */,
				7DC7FCACAA8E101556218BE8 /* ALSerialNumberScanViewController.h */,
				68A2B738DD67F42716D40949 /* ALSerialNumberScanViewController.m */,
			);
			path = ViewController;
			sourceTree = "<group>";
		};
		FB23DD4142F9D605A167D074 /* ViewController */ = {
			isa = PBXGroup;
			children = (
				C537BA1D2368DD094600C1D1 /* ALBottlecapScanViewController.h */,
				463FC98F76F9898D33790D54 /* ALBottlecapScanViewController.m */,
				594D30950807E12F97DA9FD0 /* AnylineBottlecapScanViewController.swift */,
			);
			path = ViewController;
			sourceTree = "<group>";
		};
/* End PBXGroup section */

/* Begin PBXNativeTarget section */
		549B361CA3000146B1567759 /* AnylineExamples */ = {
			isa = PBXNativeTarget;
			buildConfigurationList = 0DD5F09F17901F00408419CA /* Build configuration list for PBXNativeTarget "AnylineExamples" */;
			buildPhases = (
				14DDA4E15757C9767F26793F /* Resources */,
				AD89041CD1C11B4DB76CDF74 /* Sources */,
				B686AC4B6F7EA5998DB43FAA /* Frameworks */,
			);
			buildRules = (
			);
			dependencies = (
			);
			name = AnylineExamples;
			productName = AnylineExamples;
			productReference = 329EBD2F4AD43F36710CB837 /* AnylineExamples.app */;
			productType = "com.apple.product-type.application";
		};
/* End PBXNativeTarget section */

/* Begin PBXProject section */
		F3BF109922418CD42E566324 /* Project object */ = {
			isa = PBXProject;
			attributes = {
				BuildIndependentTargetsInParallel = YES;
				TargetAttributes = {
					549B361CA3000146B1567759 = {
						DevelopmentTeam = 35RHL53WRE;
					};
				};
			};
			buildConfigurationList = F9D5AAAEF93187FA8CC87FF4 /* Build configuration list for PBXProject "AnylineExamples" */;
			compatibilityVersion = "Xcode 3.2";
			developmentRegion = en;
			hasScannedForEncodings = 1;
			knownRegions = (
				en,
			);
			mainGroup = A0C97B3D25E26984321D2BA9;
			projectDirPath = "";
			projectRoot = "";
			targets = (
				549B361CA3000146B1567759 /* AnylineExamples */,
			);
		};
/* End PBXProject section */

/* Begin PBXResourcesBuildPhase section */
		14DDA4E15757C9767F26793F /* Resources */ = {
			isa = PBXResourcesBuildPhase;
			buildActionMask = 2147483647;
			files = (
				3C82B893D15E52F5E0E5C467 /* AnylineResources.bundle in Resources */,
				2B96251A87719D7063700E61 /* MeterImagesAssets.xcassets in Resources */,
				452A4B7D3A1B18B8DA800EF8 /* Main.storyboard in Resources */,
				E7BA307D449B96D28E7CEDFB /* LaunchScreen.xib in Resources */,
				B32210DB476597B748438EBC /* Images.xcassets in Resources */,
				680639841D3120DC9781F069 /* bottlecap_config.json in Resources */,
				0FBD0D845AA9BE5AA6710468 /* iban_config.json in Resources */,
				6FE987ACF9ED2250F1399603 /* isbn_config.json in Resources */,
				9E9671AFAFF0721206FFA431 /* license_plate_view_config.json in Resources */,
				103F14B072B262A9983662A4 /* rb_config.json in Resources */,
				86D2AD0A952CA97DE498326F /* record_number_config.json in Resources */,
				B6E0C2F553D4795F24838903 /* scrabble_config.json in Resources */,
				9C6A17DE83216862FE8A87A7 /* voucher_code_config.json in Resources */,
				00920BA2DF08D1CBA26CF0B5 /* document_config.json in Resources */,
			);
			runOnlyForDeploymentPostprocessing = 0;
		};
/* End PBXResourcesBuildPhase section */

/* Begin PBXSourcesBuildPhase section */
		AD89041CD1C11B4DB76CDF74 /* Sources */ = {
			isa = PBXSourcesBuildPhase;
			buildActionMask = 2147483647;
			files = (
				C62E30DE46A94B7F8862E904 /* ALBottlecapScanViewController.m in Sources */,
				80AFD054B9A1D9416363FA93 /* AnylineBottlecapScanViewController.swift in Sources */,
				6D1EE9D1AE26966F2B301A5B /* ALDocumentScanViewController.m in Sources */,
				E49CFED211C551E94B55118D /* ALRoundedView.m in Sources */,
				FD20FAE3AF44A02A3E52E47E /* ALIBANScanViewController.m in Sources */,
				380B13CD7EADE1F5B9A5A65A /* ALISBNAPI.m in Sources */,
				260DE60765600810FE8EFE8D /* ALISBNHeaderCell.m in Sources */,
				D4616EED5BB41053DE97D2C1 /* ALISBNScanViewController.m in Sources */,
				13930A97CF102FDA8B346835 /* ALISBNViewController.m in Sources */,
				F6970CB1032CB2A85EB93D67 /* ISBNInfo.m in Sources */,
				7096E361CF02CC495B57C335 /* ALLicensePlateViewController.m in Sources */,
				374A119C383BCBA14022BDFF /* ALLicensePlateResultOverlayView.m in Sources */,
				D19AEE8482547BCD2842B3E7 /* ALDigitalMeterScanViewController.m in Sources */,
				5D6EACAD99D7A77668B11D98 /* ALHeatMeterScanViewController.m in Sources */,
				D94225ECFB58F613EAD39A56 /* ALDoubleTariffMeterScanViewController.m in Sources */,
				8720C0C30D3B51DD11EAAF99 /* ALAutoAnalogDigitalMeterScanViewController.m in Sources */,
				90240B992A567EDD2E27617E /* ALAnalogMeterScanViewController.m in Sources */,
				F34AD531F37A3E72DAB0999C /* ALMeterScanResultViewController.m in Sources */,
				F77A0A754ABCDE9BDC7FD64C /* ALDialMeterScanViewController.m in Sources */,
				1239010911951C829BE6F48D /* ALSerialNumberScanViewController.m in Sources */,
				3F5330F7109DB3135D64DB58 /* ALDotMatrixMeterScanViewController.m in Sources */,
				6DBEF1FDC2699C27BB95D833 /* ALMRZScanViewController.m in Sources */,
				B2DEEC518E85DE5A5AB5A4BF /* ALIdentificationView.m in Sources */,
				60A8B7910CF0C6FCC09C08FB /* ALMultiformatBarcodeScanViewController.m in Sources */,
				428B37B9806DBDE310327772 /* ALRBScanViewController.m in Sources */,
				23E226CD2F509027BD10BAB3 /* ALRecordNumberScanViewController.m in Sources */,
				F7E73BF497E7779EAFCD8056 /* ALAnagramAPI.m in Sources */,
				CA89B4630E87EBB71C473343 /* ALScrabbleLabel.m in Sources */,
				4E0640B92D29DB5A7F1D6DF2 /* ALScrabblePoints.m in Sources */,
				2668406A0613F98DA813B44E /* ALScrabbleScanViewController.m in Sources */,
				309A74EE9373A1A7C09057E0 /* ALScrabbleViewController.m in Sources */,
				20990112310C60A49B204C65 /* ALScrabbleWord.m in Sources */,
				9590A1FA27D73869F991561B /* ALJSONDownloader.m in Sources */,
				A883D793A3AEFB3F1C3DF312 /* NSString+Util.m in Sources */,
				1D04672C141DE1A8F0F98502 /* Reachability.m in Sources */,
				8F9228D9A97ADE385D87D7DA /* ALBaseViewController.m in Sources */,
				C9C8DC7CA17114821505F61A /* ALResultOverlayView.m in Sources */,
				5F3D816A5B835447AB9ECFB2 /* ALTextViewCell.m in Sources */,
				046841DDCE2C238AADCBD2F6 /* ALVoucherCodeScanViewController.m in Sources */,
				15E84CC79292F92B64274899 /* ALExample.m in Sources */,
				19F27E6C5502A6BB8397AE2B /* ALExampleManager.m in Sources */,
				B0EF7908699CF53D7EB4386E /* ALMainTableViewController.m in Sources */,
				CD2BA37F6EF3A4575DBD80FC /* main.m in Sources */,
				CE635D3CA76076E769ED2C6B /* AppDelegate.m in Sources */,
			);
			runOnlyForDeploymentPostprocessing = 0;
		};
/* End PBXSourcesBuildPhase section */

/* Begin PBXVariantGroup section */
		A9625A90879E934BBFB50ACD /* LaunchScreen.xib */ = {
			isa = PBXVariantGroup;
			children = (
				5A3424C55AF9A1FA23B731D7 /* Base */,
			);
			name = LaunchScreen.xib;
			sourceTree = "<group>";
		};
		D8727A8BBF5682A6E725C090 /* Main.storyboard */ = {
			isa = PBXVariantGroup;
			children = (
				F541A67C6F4420290AA5767D /* Base */,
			);
			name = Main.storyboard;
			sourceTree = "<group>";
		};
/* End PBXVariantGroup section */

/* Begin XCBuildConfiguration section */
		5F9584F133336F70E5A06558 /* Debug */ = {
			isa = XCBuildConfiguration;
			buildSettings = {
				ALWAYS_EMBED_SWIFT_STANDARD_LIBRARIES = YES;
				ASSETCATALOG_COMPILER_APPICON_NAME = AppIcon;
				CLANG_ENABLE_MODULES = YES;
				CLANG_ENABLE_OBJC_ARC = YES;
				"CODE_SIGN_IDENTITY[sdk=iphoneos*]" = "iPhone Developer";
				DEVELOPMENT_TEAM = 35RHL53WRE;
				ENABLE_BITCODE = NO;
				FRAMEWORK_SEARCH_PATHS = (
					"$(SRCROOT)/",
					../Framework,
				);
				GCC_PREPROCESSOR_DEFINITIONS = DEBUG;
				GCC_VERSION = com.apple.compilers.llvm.clang.1_0;
				INFOPLIST_FILE = "$(SRCROOT)/Anyline Demo App/Info.plist";
				IPHONEOS_DEPLOYMENT_TARGET = 8.0;
				LD_RUNPATH_SEARCH_PATHS = "@executable_path/Frameworks";
				LIBRARY_SEARCH_PATHS = (
					"$(SDKROOT)/System/Library/Frameworks",
					../Framework,
				);
				ONLY_ACTIVE_ARCH = YES;
				OTHER_CFLAGS = "";
				OTHER_LDFLAGS = "-all_load";
				PRODUCT_BUNDLE_IDENTIFIER = io.anyline.examples.bundle;
				PRODUCT_NAME = AnylineExamples;
				SDKROOT = iphoneos;
				SWIFT_OBJC_BRIDGING_HEADER = "Anyline Examples Source/AnylineExamples-Bridging-Header.h";
				SWIFT_VERSION = 3.0;
				TARGETED_DEVICE_FAMILY = 1;
				WRAPPER_PREFIX = "";
			};
			name = Debug;
		};
		7680F73191960F292C9BF832 /* Debug */ = {
			isa = XCBuildConfiguration;
			buildSettings = {
				INTERMEDIATE_DIR = "$(PROJECT_DERIVED_FILE_DIR)/$(CONFIGURATION)";
				SHARED_INTERMEDIATE_DIR = "$(SYMROOT)/DerivedSources/$(CONFIGURATION)";
			};
			name = Debug;
		};
		7BA281A5992C9F79F5333004 /* Release */ = {
			isa = XCBuildConfiguration;
			buildSettings = {
				INTERMEDIATE_DIR = "$(PROJECT_DERIVED_FILE_DIR)/$(CONFIGURATION)";
				SHARED_INTERMEDIATE_DIR = "$(SYMROOT)/DerivedSources/$(CONFIGURATION)";
			};
			name = Release;
		};
		F9E58495AA9438E936DC7F66 /* Release */ = {
			isa = XCBuildConfiguration;
			buildSettings = {
				ALWAYS_EMBED_SWIFT_STANDARD_LIBRARIES = YES;
				ASSETCATALOG_COMPILER_APPICON_NAME = AppIcon;
				CLANG_ENABLE_MODULES = YES;
				CLANG_ENABLE_OBJC_ARC = YES;
				"CODE_SIGN_IDENTITY[sdk=iphoneos*]" = "iPhone Developer";
				DEVELOPMENT_TEAM = 35RHL53WRE;
				ENABLE_BITCODE = NO;
				FRAMEWORK_SEARCH_PATHS = (
					"$(SRCROOT)/",
					../Framework,
				);
				GCC_GENERATE_DEBUGGING_SYMBOLS = NO;
				GCC_PREPROCESSOR_DEFINITIONS = NDEBUG;
				GCC_VERSION = com.apple.compilers.llvm.clang.1_0;
				INFOPLIST_FILE = "$(SRCROOT)/Anyline Demo App/Info.plist";
				IPHONEOS_DEPLOYMENT_TARGET = 8.0;
				LD_RUNPATH_SEARCH_PATHS = "@executable_path/Frameworks";
				LIBRARY_SEARCH_PATHS = (
					"$(SDKROOT)/System/Library/Frameworks",
					../Framework,
				);
				ONLY_ACTIVE_ARCH = NO;
				OTHER_CFLAGS = "";
				OTHER_CPLUSPLUSFLAGS = "-O3";
				OTHER_LDFLAGS = "-all_load";
				PRODUCT_BUNDLE_IDENTIFIER = io.anyline.examples.bundle;
				PRODUCT_NAME = AnylineExamples;
				SDKROOT = iphoneos;
				SWIFT_OBJC_BRIDGING_HEADER = "Anyline Examples Source/AnylineExamples-Bridging-Header.h";
				SWIFT_VERSION = 3.0;
				TARGETED_DEVICE_FAMILY = 1;
				WRAPPER_PREFIX = "";
			};
			name = Release;
		};
/* End XCBuildConfiguration section */

/* Begin XCConfigurationList section */
		0DD5F09F17901F00408419CA /* Build configuration list for PBXNativeTarget "AnylineExamples" */ = {
			isa = XCConfigurationList;
			buildConfigurations = (
				5F9584F133336F70E5A06558 /* Debug */,
				F9E58495AA9438E936DC7F66 /* Release */,
			);
			defaultConfigurationIsVisible = 1;
			defaultConfigurationName = Debug;
		};
		F9D5AAAEF93187FA8CC87FF4 /* Build configuration list for PBXProject "AnylineExamples" */ = {
			isa = XCConfigurationList;
			buildConfigurations = (
				7680F73191960F292C9BF832 /* Debug */,
				7BA281A5992C9F79F5333004 /* Release */,
			);
			defaultConfigurationIsVisible = 1;
			defaultConfigurationName = Debug;
		};
/* End XCConfigurationList section */
	};
	rootObject = F3BF109922418CD42E566324 /* Project object */;
}
